// !$*UTF8*$!
{
	archiveVersion = 1;
	classes = {
	};
	objectVersion = 51;
	objects = {

/* Begin PBXBuildFile section */
		3DF1EDD00045BC17858B2555 /* Pods_ReactiveCellsTests.framework in Frameworks */ = {isa = PBXBuildFile; fileRef = 4A4351FB3FE502BDE0F91E98 /* Pods_ReactiveCellsTests.framework */; };
		629DCDC7CAD9220618C464C2 /* Pods_ReactiveCells.framework in Frameworks */ = {isa = PBXBuildFile; fileRef = A472474782BC11D48B0EAEC0 /* Pods_ReactiveCells.framework */; };
		F3C0929925FB7087001FFAFB /* AppDelegate.swift in Sources */ = {isa = PBXBuildFile; fileRef = F3C0929825FB7087001FFAFB /* AppDelegate.swift */; };
		F3C0929B25FB7087001FFAFB /* SceneDelegate.swift in Sources */ = {isa = PBXBuildFile; fileRef = F3C0929A25FB7087001FFAFB /* SceneDelegate.swift */; };
		F3C092A225FB7089001FFAFB /* Assets.xcassets in Resources */ = {isa = PBXBuildFile; fileRef = F3C092A125FB7089001FFAFB /* Assets.xcassets */; };
		F3C092A525FB7089001FFAFB /* LaunchScreen.storyboard in Resources */ = {isa = PBXBuildFile; fileRef = F3C092A325FB7089001FFAFB /* LaunchScreen.storyboard */; };
		F3C092B025FB708A001FFAFB /* ReactiveCellsTests.swift in Sources */ = {isa = PBXBuildFile; fileRef = F3C092AF25FB708A001FFAFB /* ReactiveCellsTests.swift */; };
		F3C092BB25FB708A001FFAFB /* ReactiveCellsUITests.swift in Sources */ = {isa = PBXBuildFile; fileRef = F3C092BA25FB708A001FFAFB /* ReactiveCellsUITests.swift */; };
		F3C092D225FB7147001FFAFB /* CartViewController.swift in Sources */ = {isa = PBXBuildFile; fileRef = F3C092D125FB7147001FFAFB /* CartViewController.swift */; };
		F3C092DA25FB7170001FFAFB /* CartViewModel.swift in Sources */ = {isa = PBXBuildFile; fileRef = F3C092D925FB7170001FFAFB /* CartViewModel.swift */; };
		F3C092DF25FB71FF001FFAFB /* Cart.storyboard in Resources */ = {isa = PBXBuildFile; fileRef = F3C092DE25FB71FF001FFAFB /* Cart.storyboard */; };
		F3C092ED25FB73EB001FFAFB /* CartViewController+UI.swift in Sources */ = {isa = PBXBuildFile; fileRef = F3C092EC25FB73EB001FFAFB /* CartViewController+UI.swift */; };
		F3C092F625FB7519001FFAFB /* UIFont+AppFonts.swift in Sources */ = {isa = PBXBuildFile; fileRef = F3C092F525FB7519001FFAFB /* UIFont+AppFonts.swift */; };
		F3C092FB25FB7602001FFAFB /* UIColor+AppColors.swift in Sources */ = {isa = PBXBuildFile; fileRef = F3C092FA25FB7602001FFAFB /* UIColor+AppColors.swift */; };
		F3C0930325FB76CE001FFAFB /* UILabel+AppStyles.swift in Sources */ = {isa = PBXBuildFile; fileRef = F3C0930225FB76CE001FFAFB /* UILabel+AppStyles.swift */; };
		F3C0930825FB775D001FFAFB /* UIButton+AppStyles.swift in Sources */ = {isa = PBXBuildFile; fileRef = F3C0930725FB775D001FFAFB /* UIButton+AppStyles.swift */; };
		F3C0930D25FB77B1001FFAFB /* UIColor+Adjustment.swift in Sources */ = {isa = PBXBuildFile; fileRef = F3C0930C25FB77B1001FFAFB /* UIColor+Adjustment.swift */; };
		F3C0931225FB77DE001FFAFB /* UIImage+Color.swift in Sources */ = {isa = PBXBuildFile; fileRef = F3C0931125FB77DE001FFAFB /* UIImage+Color.swift */; };
		F3C0931725FB7856001FFAFB /* UIView+AppStyles.swift in Sources */ = {isa = PBXBuildFile; fileRef = F3C0931625FB7856001FFAFB /* UIView+AppStyles.swift */; };
		F3C0934325FB8049001FFAFB /* CartSection.swift in Sources */ = {isa = PBXBuildFile; fileRef = F3C0934225FB8049001FFAFB /* CartSection.swift */; };
		F3C0934825FB8087001FFAFB /* CartRow.swift in Sources */ = {isa = PBXBuildFile; fileRef = F3C0934725FB8087001FFAFB /* CartRow.swift */; };
		F3C0934D25FB80D1001FFAFB /* CartProduct.swift in Sources */ = {isa = PBXBuildFile; fileRef = F3C0934C25FB80D1001FFAFB /* CartProduct.swift */; };
		F3C0935225FB8421001FFAFB /* UIViewController+Alert.swift in Sources */ = {isa = PBXBuildFile; fileRef = F3C0935125FB8421001FFAFB /* UIViewController+Alert.swift */; };
		F3C0939825FB8E91001FFAFB /* UITableView+EmptyState.swift in Sources */ = {isa = PBXBuildFile; fileRef = F3C0939725FB8E91001FFAFB /* UITableView+EmptyState.swift */; };
		F3C093A025FB99B4001FFAFB /* CartState.swift in Sources */ = {isa = PBXBuildFile; fileRef = F3C0939F25FB99B4001FFAFB /* CartState.swift */; };
		F3C093A825FBA64E001FFAFB /* CartViewController+DataSource.swift in Sources */ = {isa = PBXBuildFile; fileRef = F3C093A725FBA64E001FFAFB /* CartViewController+DataSource.swift */; };
		F3F1B4B825FF3AC400D8A1D2 /* CartCell.xib in Resources */ = {isa = PBXBuildFile; fileRef = F3F1B4B625FF3AC400D8A1D2 /* CartCell.xib */; };
		F3F1B4B925FF3AC400D8A1D2 /* CartCell.swift in Sources */ = {isa = PBXBuildFile; fileRef = F3F1B4B725FF3AC400D8A1D2 /* CartCell.swift */; };
		F3F1B4C425FF3D3000D8A1D2 /* UITableView+Cells.swift in Sources */ = {isa = PBXBuildFile; fileRef = F3F1B4C325FF3D3000D8A1D2 /* UITableView+Cells.swift */; };
		F3F1B4C925FF3D6A00D8A1D2 /* ReuseableView.swift in Sources */ = {isa = PBXBuildFile; fileRef = F3F1B4C825FF3D6A00D8A1D2 /* ReuseableView.swift */; };
		F3F1B4CE25FF401300D8A1D2 /* Int+DecimalCurrency.swift in Sources */ = {isa = PBXBuildFile; fileRef = F3F1B4CD25FF401300D8A1D2 /* Int+DecimalCurrency.swift */; };
		F3F1B4D325FF7E5B00D8A1D2 /* Collection+Safe.swift in Sources */ = {isa = PBXBuildFile; fileRef = F3F1B4D225FF7E5B00D8A1D2 /* Collection+Safe.swift */; };
/* End PBXBuildFile section */

/* Begin PBXContainerItemProxy section */
		F3C092AC25FB708A001FFAFB /* PBXContainerItemProxy */ = {
			isa = PBXContainerItemProxy;
			containerPortal = F3C0928D25FB7087001FFAFB /* Project object */;
			proxyType = 1;
			remoteGlobalIDString = F3C0929425FB7087001FFAFB;
			remoteInfo = ReactiveCells;
		};
		F3C092B725FB708A001FFAFB /* PBXContainerItemProxy */ = {
			isa = PBXContainerItemProxy;
			containerPortal = F3C0928D25FB7087001FFAFB /* Project object */;
			proxyType = 1;
			remoteGlobalIDString = F3C0929425FB7087001FFAFB;
			remoteInfo = ReactiveCells;
		};
/* End PBXContainerItemProxy section */

/* Begin PBXFileReference section */
		09FF6362FA07520A5CA90B23 /* Pods-ReactiveCells.debug.xcconfig */ = {isa = PBXFileReference; includeInIndex = 1; lastKnownFileType = text.xcconfig; name = "Pods-ReactiveCells.debug.xcconfig"; path = "Target Support Files/Pods-ReactiveCells/Pods-ReactiveCells.debug.xcconfig"; sourceTree = "<group>"; };
		205810C1D934D7916F2D1F95 /* Pods-ReactiveCellsTests.release.xcconfig */ = {isa = PBXFileReference; includeInIndex = 1; lastKnownFileType = text.xcconfig; name = "Pods-ReactiveCellsTests.release.xcconfig"; path = "Target Support Files/Pods-ReactiveCellsTests/Pods-ReactiveCellsTests.release.xcconfig"; sourceTree = "<group>"; };
		4A4351FB3FE502BDE0F91E98 /* Pods_ReactiveCellsTests.framework */ = {isa = PBXFileReference; explicitFileType = wrapper.framework; includeInIndex = 0; path = Pods_ReactiveCellsTests.framework; sourceTree = BUILT_PRODUCTS_DIR; };
		9DDFAE91B17C53F3DA931670 /* Pods-ReactiveCells.release.xcconfig */ = {isa = PBXFileReference; includeInIndex = 1; lastKnownFileType = text.xcconfig; name = "Pods-ReactiveCells.release.xcconfig"; path = "Target Support Files/Pods-ReactiveCells/Pods-ReactiveCells.release.xcconfig"; sourceTree = "<group>"; };
		A472474782BC11D48B0EAEC0 /* Pods_ReactiveCells.framework */ = {isa = PBXFileReference; explicitFileType = wrapper.framework; includeInIndex = 0; path = Pods_ReactiveCells.framework; sourceTree = BUILT_PRODUCTS_DIR; };
		AA72DE298BBA1B8379F6A69A /* Pods-ReactiveCellsTests.debug.xcconfig */ = {isa = PBXFileReference; includeInIndex = 1; lastKnownFileType = text.xcconfig; name = "Pods-ReactiveCellsTests.debug.xcconfig"; path = "Target Support Files/Pods-ReactiveCellsTests/Pods-ReactiveCellsTests.debug.xcconfig"; sourceTree = "<group>"; };
		F3C0929525FB7087001FFAFB /* ReactiveCells.app */ = {isa = PBXFileReference; explicitFileType = wrapper.application; includeInIndex = 0; path = ReactiveCells.app; sourceTree = BUILT_PRODUCTS_DIR; };
		F3C0929825FB7087001FFAFB /* AppDelegate.swift */ = {isa = PBXFileReference; lastKnownFileType = sourcecode.swift; path = AppDelegate.swift; sourceTree = "<group>"; };
		F3C0929A25FB7087001FFAFB /* SceneDelegate.swift */ = {isa = PBXFileReference; lastKnownFileType = sourcecode.swift; path = SceneDelegate.swift; sourceTree = "<group>"; };
		F3C092A125FB7089001FFAFB /* Assets.xcassets */ = {isa = PBXFileReference; lastKnownFileType = folder.assetcatalog; path = Assets.xcassets; sourceTree = "<group>"; };
		F3C092A425FB7089001FFAFB /* Base */ = {isa = PBXFileReference; lastKnownFileType = file.storyboard; name = Base; path = Base.lproj/LaunchScreen.storyboard; sourceTree = "<group>"; };
		F3C092A625FB7089001FFAFB /* Info.plist */ = {isa = PBXFileReference; lastKnownFileType = text.plist.xml; path = Info.plist; sourceTree = "<group>"; };
		F3C092AB25FB708A001FFAFB /* ReactiveCellsTests.xctest */ = {isa = PBXFileReference; explicitFileType = wrapper.cfbundle; includeInIndex = 0; path = ReactiveCellsTests.xctest; sourceTree = BUILT_PRODUCTS_DIR; };
		F3C092AF25FB708A001FFAFB /* ReactiveCellsTests.swift */ = {isa = PBXFileReference; lastKnownFileType = sourcecode.swift; path = ReactiveCellsTests.swift; sourceTree = "<group>"; };
		F3C092B125FB708A001FFAFB /* Info.plist */ = {isa = PBXFileReference; lastKnownFileType = text.plist.xml; path = Info.plist; sourceTree = "<group>"; };
		F3C092B625FB708A001FFAFB /* ReactiveCellsUITests.xctest */ = {isa = PBXFileReference; explicitFileType = wrapper.cfbundle; includeInIndex = 0; path = ReactiveCellsUITests.xctest; sourceTree = BUILT_PRODUCTS_DIR; };
		F3C092BA25FB708A001FFAFB /* ReactiveCellsUITests.swift */ = {isa = PBXFileReference; lastKnownFileType = sourcecode.swift; path = ReactiveCellsUITests.swift; sourceTree = "<group>"; };
		F3C092BC25FB708A001FFAFB /* Info.plist */ = {isa = PBXFileReference; lastKnownFileType = text.plist.xml; path = Info.plist; sourceTree = "<group>"; };
		F3C092D125FB7147001FFAFB /* CartViewController.swift */ = {isa = PBXFileReference; lastKnownFileType = sourcecode.swift; path = CartViewController.swift; sourceTree = "<group>"; };
		F3C092D925FB7170001FFAFB /* CartViewModel.swift */ = {isa = PBXFileReference; lastKnownFileType = sourcecode.swift; path = CartViewModel.swift; sourceTree = "<group>"; };
		F3C092DE25FB71FF001FFAFB /* Cart.storyboard */ = {isa = PBXFileReference; lastKnownFileType = file.storyboard; path = Cart.storyboard; sourceTree = "<group>"; };
		F3C092EC25FB73EB001FFAFB /* CartViewController+UI.swift */ = {isa = PBXFileReference; lastKnownFileType = sourcecode.swift; path = "CartViewController+UI.swift"; sourceTree = "<group>"; };
		F3C092F525FB7519001FFAFB /* UIFont+AppFonts.swift */ = {isa = PBXFileReference; lastKnownFileType = sourcecode.swift; path = "UIFont+AppFonts.swift"; sourceTree = "<group>"; };
		F3C092FA25FB7602001FFAFB /* UIColor+AppColors.swift */ = {isa = PBXFileReference; lastKnownFileType = sourcecode.swift; path = "UIColor+AppColors.swift"; sourceTree = "<group>"; };
		F3C0930225FB76CE001FFAFB /* UILabel+AppStyles.swift */ = {isa = PBXFileReference; lastKnownFileType = sourcecode.swift; path = "UILabel+AppStyles.swift"; sourceTree = "<group>"; };
		F3C0930725FB775D001FFAFB /* UIButton+AppStyles.swift */ = {isa = PBXFileReference; lastKnownFileType = sourcecode.swift; path = "UIButton+AppStyles.swift"; sourceTree = "<group>"; };
		F3C0930C25FB77B1001FFAFB /* UIColor+Adjustment.swift */ = {isa = PBXFileReference; lastKnownFileType = sourcecode.swift; path = "UIColor+Adjustment.swift"; sourceTree = "<group>"; };
		F3C0931125FB77DE001FFAFB /* UIImage+Color.swift */ = {isa = PBXFileReference; lastKnownFileType = sourcecode.swift; path = "UIImage+Color.swift"; sourceTree = "<group>"; };
		F3C0931625FB7856001FFAFB /* UIView+AppStyles.swift */ = {isa = PBXFileReference; lastKnownFileType = sourcecode.swift; path = "UIView+AppStyles.swift"; sourceTree = "<group>"; };
		F3C0934225FB8049001FFAFB /* CartSection.swift */ = {isa = PBXFileReference; lastKnownFileType = sourcecode.swift; path = CartSection.swift; sourceTree = "<group>"; };
		F3C0934725FB8087001FFAFB /* CartRow.swift */ = {isa = PBXFileReference; lastKnownFileType = sourcecode.swift; path = CartRow.swift; sourceTree = "<group>"; };
		F3C0934C25FB80D1001FFAFB /* CartProduct.swift */ = {isa = PBXFileReference; lastKnownFileType = sourcecode.swift; path = CartProduct.swift; sourceTree = "<group>"; };
		F3C0935125FB8421001FFAFB /* UIViewController+Alert.swift */ = {isa = PBXFileReference; lastKnownFileType = sourcecode.swift; path = "UIViewController+Alert.swift"; sourceTree = "<group>"; };
		F3C0939725FB8E91001FFAFB /* UITableView+EmptyState.swift */ = {isa = PBXFileReference; lastKnownFileType = sourcecode.swift; path = "UITableView+EmptyState.swift"; sourceTree = "<group>"; };
		F3C0939F25FB99B4001FFAFB /* CartState.swift */ = {isa = PBXFileReference; lastKnownFileType = sourcecode.swift; path = CartState.swift; sourceTree = "<group>"; };
		F3C093A725FBA64E001FFAFB /* CartViewController+DataSource.swift */ = {isa = PBXFileReference; lastKnownFileType = sourcecode.swift; path = "CartViewController+DataSource.swift"; sourceTree = "<group>"; };
		F3F1B4B625FF3AC400D8A1D2 /* CartCell.xib */ = {isa = PBXFileReference; fileEncoding = 4; lastKnownFileType = file.xib; path = CartCell.xib; sourceTree = "<group>"; };
		F3F1B4B725FF3AC400D8A1D2 /* CartCell.swift */ = {isa = PBXFileReference; fileEncoding = 4; lastKnownFileType = sourcecode.swift; path = CartCell.swift; sourceTree = "<group>"; };
		F3F1B4C325FF3D3000D8A1D2 /* UITableView+Cells.swift */ = {isa = PBXFileReference; lastKnownFileType = sourcecode.swift; path = "UITableView+Cells.swift"; sourceTree = "<group>"; };
		F3F1B4C825FF3D6A00D8A1D2 /* ReuseableView.swift */ = {isa = PBXFileReference; lastKnownFileType = sourcecode.swift; path = ReuseableView.swift; sourceTree = "<group>"; };
		F3F1B4CD25FF401300D8A1D2 /* Int+DecimalCurrency.swift */ = {isa = PBXFileReference; lastKnownFileType = sourcecode.swift; path = "Int+DecimalCurrency.swift"; sourceTree = "<group>"; };
		F3F1B4D225FF7E5B00D8A1D2 /* Collection+Safe.swift */ = {isa = PBXFileReference; lastKnownFileType = sourcecode.swift; path = "Collection+Safe.swift"; sourceTree = "<group>"; };
/* End PBXFileReference section */

/* Begin PBXFrameworksBuildPhase section */
		F3C0929225FB7087001FFAFB /* Frameworks */ = {
			isa = PBXFrameworksBuildPhase;
			buildActionMask = 2147483647;
			files = (
				629DCDC7CAD9220618C464C2 /* Pods_ReactiveCells.framework in Frameworks */,
			);
			runOnlyForDeploymentPostprocessing = 0;
		};
		F3C092A825FB708A001FFAFB /* Frameworks */ = {
			isa = PBXFrameworksBuildPhase;
			buildActionMask = 2147483647;
			files = (
				3DF1EDD00045BC17858B2555 /* Pods_ReactiveCellsTests.framework in Frameworks */,
			);
			runOnlyForDeploymentPostprocessing = 0;
		};
		F3C092B325FB708A001FFAFB /* Frameworks */ = {
			isa = PBXFrameworksBuildPhase;
			buildActionMask = 2147483647;
			files = (
			);
			runOnlyForDeploymentPostprocessing = 0;
		};
/* End PBXFrameworksBuildPhase section */

/* Begin PBXGroup section */
		52D959216BC170E25CBF3B89 /* Frameworks */ = {
			isa = PBXGroup;
			children = (
				A472474782BC11D48B0EAEC0 /* Pods_ReactiveCells.framework */,
				4A4351FB3FE502BDE0F91E98 /* Pods_ReactiveCellsTests.framework */,
			);
			name = Frameworks;
			sourceTree = "<group>";
		};
		9488FE0253EFB6BB09D58D23 /* Pods */ = {
			isa = PBXGroup;
			children = (
				09FF6362FA07520A5CA90B23 /* Pods-ReactiveCells.debug.xcconfig */,
				9DDFAE91B17C53F3DA931670 /* Pods-ReactiveCells.release.xcconfig */,
				AA72DE298BBA1B8379F6A69A /* Pods-ReactiveCellsTests.debug.xcconfig */,
				205810C1D934D7916F2D1F95 /* Pods-ReactiveCellsTests.release.xcconfig */,
			);
			path = Pods;
			sourceTree = "<group>";
		};
		F3C0928C25FB7087001FFAFB = {
			isa = PBXGroup;
			children = (
				F3C0929725FB7087001FFAFB /* ReactiveCells */,
				F3C092AE25FB708A001FFAFB /* ReactiveCellsTests */,
				F3C092B925FB708A001FFAFB /* ReactiveCellsUITests */,
				F3C0929625FB7087001FFAFB /* Products */,
				9488FE0253EFB6BB09D58D23 /* Pods */,
				52D959216BC170E25CBF3B89 /* Frameworks */,
			);
			sourceTree = "<group>";
		};
		F3C0929625FB7087001FFAFB /* Products */ = {
			isa = PBXGroup;
			children = (
				F3C0929525FB7087001FFAFB /* ReactiveCells.app */,
				F3C092AB25FB708A001FFAFB /* ReactiveCellsTests.xctest */,
				F3C092B625FB708A001FFAFB /* ReactiveCellsUITests.xctest */,
			);
			name = Products;
			sourceTree = "<group>";
		};
		F3C0929725FB7087001FFAFB /* ReactiveCells */ = {
			isa = PBXGroup;
			children = (
				F3C0929825FB7087001FFAFB /* AppDelegate.swift */,
				F3C0929A25FB7087001FFAFB /* SceneDelegate.swift */,
				F3C092CE25FB70ED001FFAFB /* Scenes */,
				F3C092F125FB7499001FFAFB /* Extensions */,
				F3C092CF25FB70FC001FFAFB /* Resources */,
			);
			path = ReactiveCells;
			sourceTree = "<group>";
		};
		F3C092AE25FB708A001FFAFB /* ReactiveCellsTests */ = {
			isa = PBXGroup;
			children = (
				F3C092AF25FB708A001FFAFB /* ReactiveCellsTests.swift */,
				F3C092B125FB708A001FFAFB /* Info.plist */,
			);
			path = ReactiveCellsTests;
			sourceTree = "<group>";
		};
		F3C092B925FB708A001FFAFB /* ReactiveCellsUITests */ = {
			isa = PBXGroup;
			children = (
				F3C092BA25FB708A001FFAFB /* ReactiveCellsUITests.swift */,
				F3C092BC25FB708A001FFAFB /* Info.plist */,
			);
			path = ReactiveCellsUITests;
			sourceTree = "<group>";
		};
		F3C092CE25FB70ED001FFAFB /* Scenes */ = {
			isa = PBXGroup;
			children = (
				F3C092D025FB712D001FFAFB /* Cart */,
			);
			path = Scenes;
			sourceTree = "<group>";
		};
		F3C092CF25FB70FC001FFAFB /* Resources */ = {
			isa = PBXGroup;
			children = (
				F3C092A125FB7089001FFAFB /* Assets.xcassets */,
				F3C092A325FB7089001FFAFB /* LaunchScreen.storyboard */,
				F3C092A625FB7089001FFAFB /* Info.plist */,
			);
			path = Resources;
			sourceTree = "<group>";
		};
		F3C092D025FB712D001FFAFB /* Cart */ = {
			isa = PBXGroup;
			children = (
				F3C092DE25FB71FF001FFAFB /* Cart.storyboard */,
				F3C092D125FB7147001FFAFB /* CartViewController.swift */,
				F3C092EC25FB73EB001FFAFB /* CartViewController+UI.swift */,
				F3C093A725FBA64E001FFAFB /* CartViewController+DataSource.swift */,
				F3C092D925FB7170001FFAFB /* CartViewModel.swift */,
				F3F1B4B425FF39E200D8A1D2 /* Models */,
				F3F1B4B525FF39F200D8A1D2 /* Cells */,
			);
			path = Cart;
			sourceTree = "<group>";
		};
		F3C092F125FB7499001FFAFB /* Extensions */ = {
			isa = PBXGroup;
			children = (
				F3C092F525FB7519001FFAFB /* UIFont+AppFonts.swift */,
				F3C092FA25FB7602001FFAFB /* UIColor+AppColors.swift */,
				F3C0930225FB76CE001FFAFB /* UILabel+AppStyles.swift */,
				F3C0930725FB775D001FFAFB /* UIButton+AppStyles.swift */,
				F3C0931625FB7856001FFAFB /* UIView+AppStyles.swift */,
				F3C0930C25FB77B1001FFAFB /* UIColor+Adjustment.swift */,
				F3C0931125FB77DE001FFAFB /* UIImage+Color.swift */,
				F3C0935125FB8421001FFAFB /* UIViewController+Alert.swift */,
				F3C0939725FB8E91001FFAFB /* UITableView+EmptyState.swift */,
				F3F1B4C325FF3D3000D8A1D2 /* UITableView+Cells.swift */,
				F3F1B4C825FF3D6A00D8A1D2 /* ReuseableView.swift */,
				F3F1B4CD25FF401300D8A1D2 /* Int+DecimalCurrency.swift */,
				F3F1B4D225FF7E5B00D8A1D2 /* Collection+Safe.swift */,
			);
			path = Extensions;
			sourceTree = "<group>";
		};
		F3F1B4B425FF39E200D8A1D2 /* Models */ = {
			isa = PBXGroup;
			children = (
				F3C0939F25FB99B4001FFAFB /* CartState.swift */,
				F3C0934225FB8049001FFAFB /* CartSection.swift */,
				F3C0934725FB8087001FFAFB /* CartRow.swift */,
				F3C0934C25FB80D1001FFAFB /* CartProduct.swift */,
			);
			path = Models;
			sourceTree = "<group>";
		};
		F3F1B4B525FF39F200D8A1D2 /* Cells */ = {
			isa = PBXGroup;
			children = (
				F3F1B4B725FF3AC400D8A1D2 /* CartCell.swift */,
				F3F1B4B625FF3AC400D8A1D2 /* CartCell.xib */,
			);
			path = Cells;
			sourceTree = "<group>";
		};
/* End PBXGroup section */

/* Begin PBXNativeTarget section */
		F3C0929425FB7087001FFAFB /* ReactiveCells */ = {
			isa = PBXNativeTarget;
			buildConfigurationList = F3C092BF25FB708A001FFAFB /* Build configuration list for PBXNativeTarget "ReactiveCells" */;
			buildPhases = (
				A173F760BD4308FDA2B9660E /* [CP] Check Pods Manifest.lock */,
				F3C0929125FB7087001FFAFB /* Sources */,
				F3C0929225FB7087001FFAFB /* Frameworks */,
				F3C0929325FB7087001FFAFB /* Resources */,
				AEEB2B3B26CDDE5B9509A5B1 /* [CP] Embed Pods Frameworks */,
			);
			buildRules = (
			);
			dependencies = (
			);
			name = ReactiveCells;
			productName = ReactiveCells;
			productReference = F3C0929525FB7087001FFAFB /* ReactiveCells.app */;
			productType = "com.apple.product-type.application";
		};
		F3C092AA25FB708A001FFAFB /* ReactiveCellsTests */ = {
			isa = PBXNativeTarget;
			buildConfigurationList = F3C092C225FB708A001FFAFB /* Build configuration list for PBXNativeTarget "ReactiveCellsTests" */;
			buildPhases = (
				4D857F01C7915C722D0AF1B3 /* [CP] Check Pods Manifest.lock */,
				F3C092A725FB708A001FFAFB /* Sources */,
				F3C092A825FB708A001FFAFB /* Frameworks */,
				F3C092A925FB708A001FFAFB /* Resources */,
				90D5205D95C4BC9489FABDCC /* [CP] Embed Pods Frameworks */,
			);
			buildRules = (
			);
			dependencies = (
				F3C092AD25FB708A001FFAFB /* PBXTargetDependency */,
			);
			name = ReactiveCellsTests;
			productName = ReactiveCellsTests;
			productReference = F3C092AB25FB708A001FFAFB /* ReactiveCellsTests.xctest */;
			productType = "com.apple.product-type.bundle.unit-test";
		};
		F3C092B525FB708A001FFAFB /* ReactiveCellsUITests */ = {
			isa = PBXNativeTarget;
			buildConfigurationList = F3C092C525FB708A001FFAFB /* Build configuration list for PBXNativeTarget "ReactiveCellsUITests" */;
			buildPhases = (
				F3C092B225FB708A001FFAFB /* Sources */,
				F3C092B325FB708A001FFAFB /* Frameworks */,
				F3C092B425FB708A001FFAFB /* Resources */,
			);
			buildRules = (
			);
			dependencies = (
				F3C092B825FB708A001FFAFB /* PBXTargetDependency */,
			);
			name = ReactiveCellsUITests;
			productName = ReactiveCellsUITests;
			productReference = F3C092B625FB708A001FFAFB /* ReactiveCellsUITests.xctest */;
			productType = "com.apple.product-type.bundle.ui-testing";
		};
/* End PBXNativeTarget section */

/* Begin PBXProject section */
		F3C0928D25FB7087001FFAFB /* Project object */ = {
			isa = PBXProject;
			attributes = {
				LastSwiftUpdateCheck = 1240;
				LastUpgradeCheck = 1240;
				TargetAttributes = {
					F3C0929425FB7087001FFAFB = {
						CreatedOnToolsVersion = 12.4;
					};
					F3C092AA25FB708A001FFAFB = {
						CreatedOnToolsVersion = 12.4;
						TestTargetID = F3C0929425FB7087001FFAFB;
					};
					F3C092B525FB708A001FFAFB = {
						CreatedOnToolsVersion = 12.4;
						TestTargetID = F3C0929425FB7087001FFAFB;
					};
				};
			};
			buildConfigurationList = F3C0929025FB7087001FFAFB /* Build configuration list for PBXProject "ReactiveCells" */;
			compatibilityVersion = "Xcode 9.3";
			developmentRegion = en;
			hasScannedForEncodings = 0;
			knownRegions = (
				en,
				Base,
			);
			mainGroup = F3C0928C25FB7087001FFAFB;
			productRefGroup = F3C0929625FB7087001FFAFB /* Products */;
			projectDirPath = "";
			projectRoot = "";
			targets = (
				F3C0929425FB7087001FFAFB /* ReactiveCells */,
				F3C092AA25FB708A001FFAFB /* ReactiveCellsTests */,
				F3C092B525FB708A001FFAFB /* ReactiveCellsUITests */,
			);
		};
/* End PBXProject section */

/* Begin PBXResourcesBuildPhase section */
		F3C0929325FB7087001FFAFB /* Resources */ = {
			isa = PBXResourcesBuildPhase;
			buildActionMask = 2147483647;
			files = (
				F3C092DF25FB71FF001FFAFB /* Cart.storyboard in Resources */,
				F3F1B4B825FF3AC400D8A1D2 /* CartCell.xib in Resources */,
				F3C092A525FB7089001FFAFB /* LaunchScreen.storyboard in Resources */,
				F3C092A225FB7089001FFAFB /* Assets.xcassets in Resources */,
			);
			runOnlyForDeploymentPostprocessing = 0;
		};
		F3C092A925FB708A001FFAFB /* Resources */ = {
			isa = PBXResourcesBuildPhase;
			buildActionMask = 2147483647;
			files = (
			);
			runOnlyForDeploymentPostprocessing = 0;
		};
		F3C092B425FB708A001FFAFB /* Resources */ = {
			isa = PBXResourcesBuildPhase;
			buildActionMask = 2147483647;
			files = (
			);
			runOnlyForDeploymentPostprocessing = 0;
		};
/* End PBXResourcesBuildPhase section */

/* Begin PBXShellScriptBuildPhase section */
		4D857F01C7915C722D0AF1B3 /* [CP] Check Pods Manifest.lock */ = {
			isa = PBXShellScriptBuildPhase;
			buildActionMask = 2147483647;
			files = (
			);
			inputFileListPaths = (
			);
			inputPaths = (
				"${PODS_PODFILE_DIR_PATH}/Podfile.lock",
				"${PODS_ROOT}/Manifest.lock",
			);
			name = "[CP] Check Pods Manifest.lock";
			outputFileListPaths = (
			);
			outputPaths = (
				"$(DERIVED_FILE_DIR)/Pods-ReactiveCellsTests-checkManifestLockResult.txt",
			);
			runOnlyForDeploymentPostprocessing = 0;
			shellPath = /bin/sh;
			shellScript = "diff \"${PODS_PODFILE_DIR_PATH}/Podfile.lock\" \"${PODS_ROOT}/Manifest.lock\" > /dev/null\nif [ $? != 0 ] ; then\n    # print error to STDERR\n    echo \"error: The sandbox is not in sync with the Podfile.lock. Run 'pod install' or update your CocoaPods installation.\" >&2\n    exit 1\nfi\n# This output is used by Xcode 'outputs' to avoid re-running this script phase.\necho \"SUCCESS\" > \"${SCRIPT_OUTPUT_FILE_0}\"\n";
			showEnvVarsInLog = 0;
		};
		90D5205D95C4BC9489FABDCC /* [CP] Embed Pods Frameworks */ = {
			isa = PBXShellScriptBuildPhase;
			buildActionMask = 2147483647;
			files = (
			);
			inputFileListPaths = (
				"${PODS_ROOT}/Target Support Files/Pods-ReactiveCellsTests/Pods-ReactiveCellsTests-frameworks-${CONFIGURATION}-input-files.xcfilelist",
			);
			name = "[CP] Embed Pods Frameworks";
			outputFileListPaths = (
				"${PODS_ROOT}/Target Support Files/Pods-ReactiveCellsTests/Pods-ReactiveCellsTests-frameworks-${CONFIGURATION}-output-files.xcfilelist",
			);
			runOnlyForDeploymentPostprocessing = 0;
			shellPath = /bin/sh;
			shellScript = "\"${PODS_ROOT}/Target Support Files/Pods-ReactiveCellsTests/Pods-ReactiveCellsTests-frameworks.sh\"\n";
			showEnvVarsInLog = 0;
		};
		A173F760BD4308FDA2B9660E /* [CP] Check Pods Manifest.lock */ = {
			isa = PBXShellScriptBuildPhase;
			buildActionMask = 2147483647;
			files = (
			);
			inputFileListPaths = (
			);
			inputPaths = (
				"${PODS_PODFILE_DIR_PATH}/Podfile.lock",
				"${PODS_ROOT}/Manifest.lock",
			);
			name = "[CP] Check Pods Manifest.lock";
			outputFileListPaths = (
			);
			outputPaths = (
				"$(DERIVED_FILE_DIR)/Pods-ReactiveCells-checkManifestLockResult.txt",
			);
			runOnlyForDeploymentPostprocessing = 0;
			shellPath = /bin/sh;
			shellScript = "diff \"${PODS_PODFILE_DIR_PATH}/Podfile.lock\" \"${PODS_ROOT}/Manifest.lock\" > /dev/null\nif [ $? != 0 ] ; then\n    # print error to STDERR\n    echo \"error: The sandbox is not in sync with the Podfile.lock. Run 'pod install' or update your CocoaPods installation.\" >&2\n    exit 1\nfi\n# This output is used by Xcode 'outputs' to avoid re-running this script phase.\necho \"SUCCESS\" > \"${SCRIPT_OUTPUT_FILE_0}\"\n";
			showEnvVarsInLog = 0;
		};
		AEEB2B3B26CDDE5B9509A5B1 /* [CP] Embed Pods Frameworks */ = {
			isa = PBXShellScriptBuildPhase;
			buildActionMask = 2147483647;
			files = (
			);
			inputFileListPaths = (
				"${PODS_ROOT}/Target Support Files/Pods-ReactiveCells/Pods-ReactiveCells-frameworks-${CONFIGURATION}-input-files.xcfilelist",
			);
			name = "[CP] Embed Pods Frameworks";
			outputFileListPaths = (
				"${PODS_ROOT}/Target Support Files/Pods-ReactiveCells/Pods-ReactiveCells-frameworks-${CONFIGURATION}-output-files.xcfilelist",
			);
			runOnlyForDeploymentPostprocessing = 0;
			shellPath = /bin/sh;
			shellScript = "\"${PODS_ROOT}/Target Support Files/Pods-ReactiveCells/Pods-ReactiveCells-frameworks.sh\"\n";
			showEnvVarsInLog = 0;
		};
/* End PBXShellScriptBuildPhase section */

/* Begin PBXSourcesBuildPhase section */
		F3C0929125FB7087001FFAFB /* Sources */ = {
			isa = PBXSourcesBuildPhase;
			buildActionMask = 2147483647;
			files = (
				F3C0934D25FB80D1001FFAFB /* CartProduct.swift in Sources */,
				F3C0930325FB76CE001FFAFB /* UILabel+AppStyles.swift in Sources */,
				F3F1B4C425FF3D3000D8A1D2 /* UITableView+Cells.swift in Sources */,
				F3C0930825FB775D001FFAFB /* UIButton+AppStyles.swift in Sources */,
				F3F1B4CE25FF401300D8A1D2 /* Int+DecimalCurrency.swift in Sources */,
				F3C0930D25FB77B1001FFAFB /* UIColor+Adjustment.swift in Sources */,
				F3F1B4D325FF7E5B00D8A1D2 /* Collection+Safe.swift in Sources */,
				F3C092D225FB7147001FFAFB /* CartViewController.swift in Sources */,
				F3C092F625FB7519001FFAFB /* UIFont+AppFonts.swift in Sources */,
				F3C092DA25FB7170001FFAFB /* CartViewModel.swift in Sources */,
				F3C0935225FB8421001FFAFB /* UIViewController+Alert.swift in Sources */,
				F3C0934825FB8087001FFAFB /* CartRow.swift in Sources */,
				F3C0931725FB7856001FFAFB /* UIView+AppStyles.swift in Sources */,
				F3C0929925FB7087001FFAFB /* AppDelegate.swift in Sources */,
				F3C093A025FB99B4001FFAFB /* CartState.swift in Sources */,
				F3C0939825FB8E91001FFAFB /* UITableView+EmptyState.swift in Sources */,
				F3C0931225FB77DE001FFAFB /* UIImage+Color.swift in Sources */,
				F3F1B4C925FF3D6A00D8A1D2 /* ReuseableView.swift in Sources */,
				F3C093A825FBA64E001FFAFB /* CartViewController+DataSource.swift in Sources */,
				F3C0934325FB8049001FFAFB /* CartSection.swift in Sources */,
				F3C092ED25FB73EB001FFAFB /* CartViewController+UI.swift in Sources */,
				F3F1B4B925FF3AC400D8A1D2 /* CartCell.swift in Sources */,
				F3C092FB25FB7602001FFAFB /* UIColor+AppColors.swift in Sources */,
				F3C0929B25FB7087001FFAFB /* SceneDelegate.swift in Sources */,
			);
			runOnlyForDeploymentPostprocessing = 0;
		};
		F3C092A725FB708A001FFAFB /* Sources */ = {
			isa = PBXSourcesBuildPhase;
			buildActionMask = 2147483647;
			files = (
				F3C092B025FB708A001FFAFB /* ReactiveCellsTests.swift in Sources */,
			);
			runOnlyForDeploymentPostprocessing = 0;
		};
		F3C092B225FB708A001FFAFB /* Sources */ = {
			isa = PBXSourcesBuildPhase;
			buildActionMask = 2147483647;
			files = (
				F3C092BB25FB708A001FFAFB /* ReactiveCellsUITests.swift in Sources */,
			);
			runOnlyForDeploymentPostprocessing = 0;
		};
/* End PBXSourcesBuildPhase section */

/* Begin PBXTargetDependency section */
		F3C092AD25FB708A001FFAFB /* PBXTargetDependency */ = {
			isa = PBXTargetDependency;
			target = F3C0929425FB7087001FFAFB /* ReactiveCells */;
			targetProxy = F3C092AC25FB708A001FFAFB /* PBXContainerItemProxy */;
		};
		F3C092B825FB708A001FFAFB /* PBXTargetDependency */ = {
			isa = PBXTargetDependency;
			target = F3C0929425FB7087001FFAFB /* ReactiveCells */;
			targetProxy = F3C092B725FB708A001FFAFB /* PBXContainerItemProxy */;
		};
/* End PBXTargetDependency section */

/* Begin PBXVariantGroup section */
		F3C092A325FB7089001FFAFB /* LaunchScreen.storyboard */ = {
			isa = PBXVariantGroup;
			children = (
				F3C092A425FB7089001FFAFB /* Base */,
			);
			name = LaunchScreen.storyboard;
			sourceTree = "<group>";
		};
/* End PBXVariantGroup section */

/* Begin XCBuildConfiguration section */
		F3C092BD25FB708A001FFAFB /* Debug */ = {
			isa = XCBuildConfiguration;
			buildSettings = {
				ALWAYS_SEARCH_USER_PATHS = NO;
				CLANG_ANALYZER_NONNULL = YES;
				CLANG_ANALYZER_NUMBER_OBJECT_CONVERSION = YES_AGGRESSIVE;
				CLANG_CXX_LANGUAGE_STANDARD = "gnu++14";
				CLANG_CXX_LIBRARY = "libc++";
				CLANG_ENABLE_MODULES = YES;
				CLANG_ENABLE_OBJC_ARC = YES;
				CLANG_ENABLE_OBJC_WEAK = YES;
				CLANG_WARN_BLOCK_CAPTURE_AUTORELEASING = YES;
				CLANG_WARN_BOOL_CONVERSION = YES;
				CLANG_WARN_COMMA = YES;
				CLANG_WARN_CONSTANT_CONVERSION = YES;
				CLANG_WARN_DEPRECATED_OBJC_IMPLEMENTATIONS = YES;
				CLANG_WARN_DIRECT_OBJC_ISA_USAGE = YES_ERROR;
				CLANG_WARN_DOCUMENTATION_COMMENTS = YES;
				CLANG_WARN_EMPTY_BODY = YES;
				CLANG_WARN_ENUM_CONVERSION = YES;
				CLANG_WARN_INFINITE_RECURSION = YES;
				CLANG_WARN_INT_CONVERSION = YES;
				CLANG_WARN_NON_LITERAL_NULL_CONVERSION = YES;
				CLANG_WARN_OBJC_IMPLICIT_RETAIN_SELF = YES;
				CLANG_WARN_OBJC_LITERAL_CONVERSION = YES;
				CLANG_WARN_OBJC_ROOT_CLASS = YES_ERROR;
				CLANG_WARN_QUOTED_INCLUDE_IN_FRAMEWORK_HEADER = YES;
				CLANG_WARN_RANGE_LOOP_ANALYSIS = YES;
				CLANG_WARN_STRICT_PROTOTYPES = YES;
				CLANG_WARN_SUSPICIOUS_MOVE = YES;
				CLANG_WARN_UNGUARDED_AVAILABILITY = YES_AGGRESSIVE;
				CLANG_WARN_UNREACHABLE_CODE = YES;
				CLANG_WARN__DUPLICATE_METHOD_MATCH = YES;
				COPY_PHASE_STRIP = NO;
				DEBUG_INFORMATION_FORMAT = dwarf;
				ENABLE_STRICT_OBJC_MSGSEND = YES;
				ENABLE_TESTABILITY = YES;
				GCC_C_LANGUAGE_STANDARD = gnu11;
				GCC_DYNAMIC_NO_PIC = NO;
				GCC_NO_COMMON_BLOCKS = YES;
				GCC_OPTIMIZATION_LEVEL = 0;
				GCC_PREPROCESSOR_DEFINITIONS = (
					"DEBUG=1",
					"$(inherited)",
				);
				GCC_WARN_64_TO_32_BIT_CONVERSION = YES;
				GCC_WARN_ABOUT_RETURN_TYPE = YES_ERROR;
				GCC_WARN_UNDECLARED_SELECTOR = YES;
				GCC_WARN_UNINITIALIZED_AUTOS = YES_AGGRESSIVE;
				GCC_WARN_UNUSED_FUNCTION = YES;
				GCC_WARN_UNUSED_VARIABLE = YES;
				IPHONEOS_DEPLOYMENT_TARGET = 14.4;
				MTL_ENABLE_DEBUG_INFO = INCLUDE_SOURCE;
				MTL_FAST_MATH = YES;
				ONLY_ACTIVE_ARCH = YES;
				SDKROOT = iphoneos;
				SWIFT_ACTIVE_COMPILATION_CONDITIONS = DEBUG;
				SWIFT_OPTIMIZATION_LEVEL = "-Onone";
			};
			name = Debug;
		};
		F3C092BE25FB708A001FFAFB /* Release */ = {
			isa = XCBuildConfiguration;
			buildSettings = {
				ALWAYS_SEARCH_USER_PATHS = NO;
				CLANG_ANALYZER_NONNULL = YES;
				CLANG_ANALYZER_NUMBER_OBJECT_CONVERSION = YES_AGGRESSIVE;
				CLANG_CXX_LANGUAGE_STANDARD = "gnu++14";
				CLANG_CXX_LIBRARY = "libc++";
				CLANG_ENABLE_MODULES = YES;
				CLANG_ENABLE_OBJC_ARC = YES;
				CLANG_ENABLE_OBJC_WEAK = YES;
				CLANG_WARN_BLOCK_CAPTURE_AUTORELEASING = YES;
				CLANG_WARN_BOOL_CONVERSION = YES;
				CLANG_WARN_COMMA = YES;
				CLANG_WARN_CONSTANT_CONVERSION = YES;
				CLANG_WARN_DEPRECATED_OBJC_IMPLEMENTATIONS = YES;
				CLANG_WARN_DIRECT_OBJC_ISA_USAGE = YES_ERROR;
				CLANG_WARN_DOCUMENTATION_COMMENTS = YES;
				CLANG_WARN_EMPTY_BODY = YES;
				CLANG_WARN_ENUM_CONVERSION = YES;
				CLANG_WARN_INFINITE_RECURSION = YES;
				CLANG_WARN_INT_CONVERSION = YES;
				CLANG_WARN_NON_LITERAL_NULL_CONVERSION = YES;
				CLANG_WARN_OBJC_IMPLICIT_RETAIN_SELF = YES;
				CLANG_WARN_OBJC_LITERAL_CONVERSION = YES;
				CLANG_WARN_OBJC_ROOT_CLASS = YES_ERROR;
				CLANG_WARN_QUOTED_INCLUDE_IN_FRAMEWORK_HEADER = YES;
				CLANG_WARN_RANGE_LOOP_ANALYSIS = YES;
				CLANG_WARN_STRICT_PROTOTYPES = YES;
				CLANG_WARN_SUSPICIOUS_MOVE = YES;
				CLANG_WARN_UNGUARDED_AVAILABILITY = YES_AGGRESSIVE;
				CLANG_WARN_UNREACHABLE_CODE = YES;
				CLANG_WARN__DUPLICATE_METHOD_MATCH = YES;
				COPY_PHASE_STRIP = NO;
				DEBUG_INFORMATION_FORMAT = "dwarf-with-dsym";
				ENABLE_NS_ASSERTIONS = NO;
				ENABLE_STRICT_OBJC_MSGSEND = YES;
				GCC_C_LANGUAGE_STANDARD = gnu11;
				GCC_NO_COMMON_BLOCKS = YES;
				GCC_WARN_64_TO_32_BIT_CONVERSION = YES;
				GCC_WARN_ABOUT_RETURN_TYPE = YES_ERROR;
				GCC_WARN_UNDECLARED_SELECTOR = YES;
				GCC_WARN_UNINITIALIZED_AUTOS = YES_AGGRESSIVE;
				GCC_WARN_UNUSED_FUNCTION = YES;
				GCC_WARN_UNUSED_VARIABLE = YES;
				IPHONEOS_DEPLOYMENT_TARGET = 14.4;
				MTL_ENABLE_DEBUG_INFO = NO;
				MTL_FAST_MATH = YES;
				SDKROOT = iphoneos;
				SWIFT_COMPILATION_MODE = wholemodule;
				SWIFT_OPTIMIZATION_LEVEL = "-O";
				VALIDATE_PRODUCT = YES;
			};
			name = Release;
		};
		F3C092C025FB708A001FFAFB /* Debug */ = {
			isa = XCBuildConfiguration;
			baseConfigurationReference = 09FF6362FA07520A5CA90B23 /* Pods-ReactiveCells.debug.xcconfig */;
			buildSettings = {
				ALWAYS_EMBED_SWIFT_STANDARD_LIBRARIES = "$(inherited)";
				ASSETCATALOG_COMPILER_APPICON_NAME = AppIcon;
				ASSETCATALOG_COMPILER_GLOBAL_ACCENT_COLOR_NAME = AccentColor;
				CODE_SIGN_STYLE = Automatic;
				DEVELOPMENT_TEAM = 9ZR496RB3Q;
				INFOPLIST_FILE = ReactiveCells/Resources/Info.plist;
				LD_RUNPATH_SEARCH_PATHS = (
					"$(inherited)",
					"@executable_path/Frameworks",
				);
				PRODUCT_BUNDLE_IDENTIFIER = co.tapdev.ReactiveCells;
				PRODUCT_NAME = "$(TARGET_NAME)";
				SWIFT_VERSION = 5.0;
				TARGETED_DEVICE_FAMILY = 1;
			};
			name = Debug;
		};
		F3C092C125FB708A001FFAFB /* Release */ = {
			isa = XCBuildConfiguration;
			baseConfigurationReference = 9DDFAE91B17C53F3DA931670 /* Pods-ReactiveCells.release.xcconfig */;
			buildSettings = {
				ALWAYS_EMBED_SWIFT_STANDARD_LIBRARIES = "$(inherited)";
				ASSETCATALOG_COMPILER_APPICON_NAME = AppIcon;
				ASSETCATALOG_COMPILER_GLOBAL_ACCENT_COLOR_NAME = AccentColor;
				CODE_SIGN_STYLE = Automatic;
				DEVELOPMENT_TEAM = 9ZR496RB3Q;
				INFOPLIST_FILE = ReactiveCells/Resources/Info.plist;
				LD_RUNPATH_SEARCH_PATHS = (
					"$(inherited)",
					"@executable_path/Frameworks",
				);
				PRODUCT_BUNDLE_IDENTIFIER = co.tapdev.ReactiveCells;
				PRODUCT_NAME = "$(TARGET_NAME)";
				SWIFT_VERSION = 5.0;
				TARGETED_DEVICE_FAMILY = 1;
			};
			name = Release;
		};
		F3C092C325FB708A001FFAFB /* Debug */ = {
			isa = XCBuildConfiguration;
			baseConfigurationReference = AA72DE298BBA1B8379F6A69A /* Pods-ReactiveCellsTests.debug.xcconfig */;
			buildSettings = {
				ALWAYS_EMBED_SWIFT_STANDARD_LIBRARIES = "$(inherited)";
				BUNDLE_LOADER = "$(TEST_HOST)";
				CODE_SIGN_STYLE = Automatic;
				DEVELOPMENT_TEAM = 9ZR496RB3Q;
				INFOPLIST_FILE = ReactiveCellsTests/Info.plist;
				IPHONEOS_DEPLOYMENT_TARGET = 14.4;
				LD_RUNPATH_SEARCH_PATHS = (
					"$(inherited)",
					"@executable_path/Frameworks",
					"@loader_path/Frameworks",
				);
				PRODUCT_BUNDLE_IDENTIFIER = com.madebyhive.ReactiveCellsTests;
				PRODUCT_NAME = "$(TARGET_NAME)";
				SWIFT_VERSION = 5.0;
				TARGETED_DEVICE_FAMILY = "1,2";
				TEST_HOST = "$(BUILT_PRODUCTS_DIR)/ReactiveCells.app/ReactiveCells";
			};
			name = Debug;
		};
		F3C092C425FB708A001FFAFB /* Release */ = {
			isa = XCBuildConfiguration;
			baseConfigurationReference = 205810C1D934D7916F2D1F95 /* Pods-ReactiveCellsTests.release.xcconfig */;
			buildSettings = {
				ALWAYS_EMBED_SWIFT_STANDARD_LIBRARIES = "$(inherited)";
				BUNDLE_LOADER = "$(TEST_HOST)";
				CODE_SIGN_STYLE = Automatic;
				DEVELOPMENT_TEAM = 9ZR496RB3Q;
				INFOPLIST_FILE = ReactiveCellsTests/Info.plist;
				IPHONEOS_DEPLOYMENT_TARGET = 14.4;
				LD_RUNPATH_SEARCH_PATHS = (
					"$(inherited)",
					"@executable_path/Frameworks",
					"@loader_path/Frameworks",
				);
				PRODUCT_BUNDLE_IDENTIFIER = com.madebyhive.ReactiveCellsTests;
				PRODUCT_NAME = "$(TARGET_NAME)";
				SWIFT_VERSION = 5.0;
				TARGETED_DEVICE_FAMILY = "1,2";
				TEST_HOST = "$(BUILT_PRODUCTS_DIR)/ReactiveCells.app/ReactiveCells";
			};
			name = Release;
		};
		F3C092C625FB708A001FFAFB /* Debug */ = {
			isa = XCBuildConfiguration;
			buildSettings = {
				ALWAYS_EMBED_SWIFT_STANDARD_LIBRARIES = YES;
				CODE_SIGN_STYLE = Automatic;
				DEVELOPMENT_TEAM = 9ZR496RB3Q;
				INFOPLIST_FILE = ReactiveCellsUITests/Info.plist;
				LD_RUNPATH_SEARCH_PATHS = (
					"$(inherited)",
					"@executable_path/Frameworks",
					"@loader_path/Frameworks",
				);
				PRODUCT_BUNDLE_IDENTIFIER = com.madebyhive.ReactiveCellsUITests;
				PRODUCT_NAME = "$(TARGET_NAME)";
				SWIFT_VERSION = 5.0;
				TARGETED_DEVICE_FAMILY = "1,2";
				TEST_TARGET_NAME = ReactiveCells;
			};
			name = Debug;
		};
		F3C092C725FB708A001FFAFB /* Release */ = {
			isa = XCBuildConfiguration;
			buildSettings = {
				ALWAYS_EMBED_SWIFT_STANDARD_LIBRARIES = YES;
				CODE_SIGN_STYLE = Automatic;
				DEVELOPMENT_TEAM = 9ZR496RB3Q;
				INFOPLIST_FILE = ReactiveCellsUITests/Info.plist;
				LD_RUNPATH_SEARCH_PATHS = (
					"$(inherited)",
					"@executable_path/Frameworks",
					"@loader_path/Frameworks",
				);
				PRODUCT_BUNDLE_IDENTIFIER = com.madebyhive.ReactiveCellsUITests;
				PRODUCT_NAME = "$(TARGET_NAME)";
				SWIFT_VERSION = 5.0;
				TARGETED_DEVICE_FAMILY = "1,2";
				TEST_TARGET_NAME = ReactiveCells;
			};
			name = Release;
		};
/* End XCBuildConfiguration section */

/* Begin XCConfigurationList section */
		F3C0929025FB7087001FFAFB /* Build configuration list for PBXProject "ReactiveCells" */ = {
			isa = XCConfigurationList;
			buildConfigurations = (
				F3C092BD25FB708A001FFAFB /* Debug */,
				F3C092BE25FB708A001FFAFB /* Release */,
			);
			defaultConfigurationIsVisible = 0;
			defaultConfigurationName = Release;
		};
		F3C092BF25FB708A001FFAFB /* Build configuration list for PBXNativeTarget "ReactiveCells" */ = {
			isa = XCConfigurationList;
			buildConfigurations = (
				F3C092C025FB708A001FFAFB /* Debug */,
				F3C092C125FB708A001FFAFB /* Release */,
			);
			defaultConfigurationIsVisible = 0;
			defaultConfigurationName = Release;
		};
		F3C092C225FB708A001FFAFB /* Build configuration list for PBXNativeTarget "ReactiveCellsTests" */ = {
			isa = XCConfigurationList;
			buildConfigurations = (
				F3C092C325FB708A001FFAFB /* Debug */,
				F3C092C425FB708A001FFAFB /* Release */,
			);
			defaultConfigurationIsVisible = 0;
			defaultConfigurationName = Release;
		};
		F3C092C525FB708A001FFAFB /* Build configuration list for PBXNativeTarget "ReactiveCellsUITests" */ = {
			isa = XCConfigurationList;
			buildConfigurations = (
				F3C092C625FB708A001FFAFB /* Debug */,
				F3C092C725FB708A001FFAFB /* Release */,
			);
			defaultConfigurationIsVisible = 0;
			defaultConfigurationName = Release;
		};
/* End XCConfigurationList section */
	};
	rootObject = F3C0928D25FB7087001FFAFB /* Project object */;
}
